# THIS IS AN AUTOGENERATED FILE. DO NOT EDIT THIS FILE DIRECTLY.
# yarn lockfile v1


"@babel/helper-module-imports@^7.0.0":
  version "7.12.13"
  resolved "https://registry.yarnpkg.com/@babel/helper-module-imports/-/helper-module-imports-7.12.13.tgz#ec67e4404f41750463e455cc3203f6a32e93fcb0"
  integrity sha512-NGmfvRp9Rqxy0uHSSVP+SRIW1q31a7Ji10cLBcqSDUngGentY4FRiHOFZFE1CLU5eiL0oE8reH7Tg1y99TDM/g==
  dependencies:
    "@babel/types" "^7.12.13"

"@babel/helper-validator-identifier@^7.12.11":
  version "7.12.11"
  resolved "https://registry.yarnpkg.com/@babel/helper-validator-identifier/-/helper-validator-identifier-7.12.11.tgz#c9a1f021917dcb5ccf0d4e453e399022981fc9ed"
  integrity sha512-np/lG3uARFybkoHokJUmf1QfEvRVCPbmQeUQpKow5cQ3xWrV9i3rUHodKDJPQfTVX61qKi+UdYk8kik84n7XOw==

"@babel/runtime@^7.0.0":
  version "7.13.7"
  resolved "https://registry.yarnpkg.com/@babel/runtime/-/runtime-7.13.7.tgz#d494e39d198ee9ca04f4dcb76d25d9d7a1dc961a"
  integrity sha512-h+ilqoX998mRVM5FtB5ijRuHUDVt5l3yfoOi2uh18Z/O3hvyaHQ39NpxVkCIG5yFs+mLq/ewFp8Bss6zmWv6ZA==
  dependencies:
    regenerator-runtime "^0.13.4"

"@babel/types@^7.12.13":
  version "7.13.0"
  resolved "https://registry.yarnpkg.com/@babel/types/-/types-7.13.0.tgz#74424d2816f0171b4100f0ab34e9a374efdf7f80"
  integrity sha512-hE+HE8rnG1Z6Wzo+MhaKE5lM5eMx71T4EHJgku2E3xIfaULhDcxiiRxUYgwX8qwP1BBSlag+TdGOt6JAidIZTA==
  dependencies:
    "@babel/helper-validator-identifier" "^7.12.11"
    lodash "^4.17.19"
    to-fast-properties "^2.0.0"

"@better-scroll/core@^2.2.0":
  version "2.2.0"
  resolved "https://registry.yarnpkg.com/@better-scroll/core/-/core-2.2.0.tgz#4e1f76b560cdcbacc5d284ed137a268f96370fa2"
  integrity sha512-m99bI7AmU/pVV0DNGHt1FOHaarHtbn11NF114SKPnrF/lQf4cLIlNobTHa2BvXBF90tyzL/s9GBt0/RTK+2zZg==
  dependencies:
    "@better-scroll/shared-utils" "^2.2.0"

"@better-scroll/indicators@^2.1.4":
  version "2.2.0"
  resolved "https://registry.yarnpkg.com/@better-scroll/indicators/-/indicators-2.2.0.tgz#b8a64ac66605ae8c87f558c8055fffba7be81de2"
  integrity sha512-Nevb8ixkcYbkTFIKExqHhU0s++2KuOK9eHJ16QKD6f2//4C/qidc4qPYK9kR7uSRK+4q2HTHKMwzrcCk8TtWNg==
  dependencies:
    "@better-scroll/core" "^2.2.0"

"@better-scroll/infinity@^2.2.0":
  version "2.2.0"
  resolved "https://registry.yarnpkg.com/@better-scroll/infinity/-/infinity-2.2.0.tgz#b16d3a563dc166270f76270685c6937bca2bbc3b"
  integrity sha512-vRsSx1224xnOch1H1HZ0nH6xc4nP70dcFJHGMhYaxWpFbGXEJIdvwMHVdtCeUEl6BI6OrTtxJ9tDT9DE1H7JSQ==
  dependencies:
    "@better-scroll/core" "^2.2.0"

"@better-scroll/mouse-wheel@^2.2.0":
  version "2.2.0"
  resolved "https://registry.yarnpkg.com/@better-scroll/mouse-wheel/-/mouse-wheel-2.2.0.tgz#5271b757b31bf902ddcddcc219ea47aa9936edfa"
  integrity sha512-GO6sQpgZNOKxGqrOb9nPgW3E2a4+4RDcswhMc4+xIXN3ZLUq2gQc/nq/9XUy7icPl6sz7Eaf2qI8aNk8kIzBrg==
  dependencies:
    "@better-scroll/core" "^2.2.0"

"@better-scroll/movable@^2.2.0":
  version "2.2.0"
  resolved "https://registry.yarnpkg.com/@better-scroll/movable/-/movable-2.2.0.tgz#077d0d93d16c68e8f39893d1a55d0b33358abe99"
  integrity sha512-QhSZPmpdDpW4BqFOemZbToiuoNDKRoAuvkYo8DLkdjanby2jrsNkWsjaQHIS6wvsDvzVekaDJ19EuBcAIDCWkQ==
  dependencies:
    "@better-scroll/core" "^2.2.0"

"@better-scroll/nested-scroll@^2.2.0":
  version "2.2.0"
  resolved "https://registry.yarnpkg.com/@better-scroll/nested-scroll/-/nested-scroll-2.2.0.tgz#df8c68997cabd81626e02a9b99de56bfca8a363e"
  integrity sha512-2cjQM+iZ+5UwQRIFRaVyyQcDTDHmTrFnJHkkg5ZPKiGBn8fF6y5GA0qXRFlAL0rGD7DfsWgxaOMPES+JtrjKmA==
  dependencies:
    "@better-scroll/core" "^2.2.0"

"@better-scroll/observe-dom@^2.2.0":
  version "2.2.0"
  resolved "https://registry.yarnpkg.com/@better-scroll/observe-dom/-/observe-dom-2.2.0.tgz#c6efa7648cd735cbba6432297aae87d18d85fc71"
  integrity sha512-jsn4honjnv21MlwyKWMHL06NsKcMK2cdNpaWmhMnuB8tzSAtkWAt8isKYmmpVNCrQGZMT/pT8d7fDxe3Km+4tg==
  dependencies:
    "@better-scroll/core" "^2.2.0"

"@better-scroll/observe-image@^2.2.0":
  version "2.2.0"
  resolved "https://registry.yarnpkg.com/@better-scroll/observe-image/-/observe-image-2.2.0.tgz#da93c2643df74ec0c120c572138bac0acdec94bb"
  integrity sha512-sbsSPqMP8jQbKPwawxJFhzvhv9S9KYnhDiHEzeK5d0UMsKOGu3wCjAKwvrrR8oiKz/KWm9d8FbTLv0slBGcuNg==
  dependencies:
    "@better-scroll/core" "^2.2.0"

"@better-scroll/pull-down@^2.2.0":
  version "2.2.0"
  resolved "https://registry.yarnpkg.com/@better-scroll/pull-down/-/pull-down-2.2.0.tgz#1f52417da98d4cf38409ed54a2a6be3dd4e5db69"
  integrity sha512-ssotK6zw+OccPzNAtsm/uCONwPhfXsL2cd8RaAmwn+zh/wGHaZSwRS7fyIkrTQn69TlY/0wfGwahZQ81SPgEKw==
  dependencies:
    "@better-scroll/core" "^2.2.0"

"@better-scroll/pull-up@^2.2.0":
  version "2.2.0"
  resolved "https://registry.yarnpkg.com/@better-scroll/pull-up/-/pull-up-2.2.0.tgz#7cb38247d7750128560396e28671ad7bc35bc62f"
  integrity sha512-2zxeXZ6OP97i047LDCcniR+t3cOWUGqakdzYxznrCY9OggT8yG2Glx5JdOWAPkDHniMI7UdYUI7yJqLZ5okrXQ==
  dependencies:
    "@better-scroll/core" "^2.2.0"

"@better-scroll/scroll-bar@^2.2.0":
  version "2.2.0"
  resolved "https://registry.yarnpkg.com/@better-scroll/scroll-bar/-/scroll-bar-2.2.0.tgz#65576882f7c496b3478f2e66dc5b51f89708f5fe"
  integrity sha512-wY0ZUQ5cTuB7gGNwqi+9CoTfgsaUt7Wvi6chiEdI9zMvRSxD9ziFmTFicEJbAgWZYpRK8p1YO2bl+5VT5gW09g==
  dependencies:
    "@better-scroll/core" "^2.2.0"

"@better-scroll/shared-utils@^2.2.0":
  version "2.2.0"
  resolved "https://registry.yarnpkg.com/@better-scroll/shared-utils/-/shared-utils-2.2.0.tgz#7795c762dda99cad4e5b6ef2823ffe89b608e9d2"
  integrity sha512-7K6bmLZkjDNPCzlpDi25sxtp/JrbTztAbWUd7KFK2Bm6cm8vmaCfz87+GYc9zT2LcmuTsQvu4BKD/Egv0xP6iA==

"@better-scroll/slide@^2.2.0":
  version "2.2.0"
  resolved "https://registry.yarnpkg.com/@better-scroll/slide/-/slide-2.2.0.tgz#e537c57de9df65af38644ee539c8409c8226a8f0"
  integrity sha512-aslzlwUaJxxmjxJ/dbyIo6mYrcljvI0yYYQHWwIbza7wm1IWJEO6wQySdUp/wp86B0zaeypyOvfOmIkHAqFMag==
  dependencies:
    "@better-scroll/core" "^2.2.0"

"@better-scroll/wheel@^2.2.0":
  version "2.2.0"
  resolved "https://registry.yarnpkg.com/@better-scroll/wheel/-/wheel-2.2.0.tgz#e57d19ec6c2ad3e1e499ccffd01dd5b5ef9f8902"
  integrity sha512-KsC6bDkw7LxppbBpOTq3ktHaT9uUhLAaneA0tW3rP9CMkbNp834Aukmju+rDxNGTcZ1FwSeJBOfRjIjtPanTXQ==
  dependencies:
    "@better-scroll/core" "^2.2.0"

"@better-scroll/zoom@^2.2.0":
  version "2.2.0"
  resolved "https://registry.yarnpkg.com/@better-scroll/zoom/-/zoom-2.2.0.tgz#24d93d8776b02daa8d8a3c00731874632c05ece4"
  integrity sha512-nixmOP8SwO1jA7J3h2xQMfub/yYiuRBZ7giMKeXHRmTPZq807JAGNR1/iVstuF/IBzLD6W60oYXc7uNEllmuiA==
  dependencies:
    "@better-scroll/core" "^2.2.0"

add-dom-event-listener@^1.1.0:
  version "1.1.0"
  resolved "https://registry.yarnpkg.com/add-dom-event-listener/-/add-dom-event-listener-1.1.0.tgz#6a92db3a0dd0abc254e095c0f1dc14acbbaae310"
  integrity sha512-WCxx1ixHT0GQU9hb0KI/mhgRQhnU+U3GvwY6ZvVjYq8rsihIGoaIOUbY0yMPBxLH5MDtr0kz3fisWGNcbWW7Jw==
  dependencies:
    object-assign "4.x"

antd-mobile@^2.3.4:
  version "2.3.4"
  resolved "https://registry.yarnpkg.com/antd-mobile/-/antd-mobile-2.3.4.tgz#8f584707b30343d102f3ca10fdaf677e2a5d1cc8"
  integrity sha512-Uw02Ghc+DPzaQceJQ+5p1ZnQFafvILA0chTTen7m7c89Uzbw6Ny3zsVZDE1gfteNEIsL4JpPe0I/+aI3Q/nPAA==
  dependencies:
    array-tree-filter "~2.1.0"
    babel-runtime "6.x"
    classnames "^2.2.1"
    normalize.css "^7.0.0"
    rc-checkbox "~2.0.0"
    rc-collapse "~1.9.1"
    rc-slider "~8.2.0"
    rc-swipeout "~2.0.0"
    rmc-calendar "^1.0.0"
    rmc-cascader "~5.0.0"
    rmc-date-picker "^6.0.8"
    rmc-dialog "^1.0.1"
    rmc-drawer "^0.4.11"
    rmc-feedback "^2.0.0"
    rmc-input-number "^1.0.0"
    rmc-list-view "^0.11.0"
    rmc-notification "~1.0.0"
    rmc-nuka-carousel "~3.0.0"
    rmc-picker "~5.0.0"
    rmc-pull-to-refresh "~1.0.1"
    rmc-steps "~1.0.0"
    rmc-tabs "~1.2.0"
    rmc-tooltip "~1.0.0"

array-tree-filter@2.1.x, array-tree-filter@~2.1.0:
  version "2.1.0"
  resolved "https://registry.yarnpkg.com/array-tree-filter/-/array-tree-filter-2.1.0.tgz#873ac00fec83749f255ac8dd083814b4f6329190"
  integrity sha512-4ROwICNlNw/Hqa9v+rk5h22KjmzB1JGTMVKP2AKJBOCgb0yL0ASf0+YvCcLNNwquOHNX48jkeZIJ3a+oOQqKcw==

asap@~2.0.3:
  version "2.0.6"
  resolved "https://registry.yarnpkg.com/asap/-/asap-2.0.6.tgz#e50347611d7e690943208bbdafebcbc2fb866d46"
  integrity sha1-5QNHYR1+aQlDIIu9r+vLwvuGbUY=

babel-plugin-import@^1.13.3:
  version "1.13.3"
  resolved "https://registry.yarnpkg.com/babel-plugin-import/-/babel-plugin-import-1.13.3.tgz#9dbbba7d1ac72bd412917a830d445e00941d26d7"
  integrity sha512-1qCWdljJOrDRH/ybaCZuDgySii4yYrtQ8OJQwrcDqdt0y67N30ng3X3nABg6j7gR7qUJgcMa9OMhc4AGViDwWw==
  dependencies:
    "@babel/helper-module-imports" "^7.0.0"
    "@babel/runtime" "^7.0.0"

babel-runtime@6.x, babel-runtime@^6.23.0, babel-runtime@^6.26.0:
  version "6.26.0"
  resolved "https://registry.yarnpkg.com/babel-runtime/-/babel-runtime-6.26.0.tgz#965c7058668e82b55d7bfe04ff2337bc8b5647fe"
  integrity sha1-llxwWGaOgrVde/4E/yM3vItWR/4=
  dependencies:
    core-js "^2.4.0"
    regenerator-runtime "^0.11.0"

better-scroll@^2.2.0:
  version "2.2.0"
  resolved "https://registry.yarnpkg.com/better-scroll/-/better-scroll-2.2.0.tgz#6ea54034791735e63d73f8c366151afcbca83d8d"
  integrity sha512-NtGU05ShOdUjc4cmrJzHcczilFaQPDatX2mUUbdaL56dJDGgePWKhaBmdHcOf8Dn5RsTZ1sutRl4gFJjcGWVXA==
  dependencies:
    "@better-scroll/core" "^2.2.0"
    "@better-scroll/indicators" "^2.1.4"
    "@better-scroll/infinity" "^2.2.0"
    "@better-scroll/mouse-wheel" "^2.2.0"
    "@better-scroll/movable" "^2.2.0"
    "@better-scroll/nested-scroll" "^2.2.0"
    "@better-scroll/observe-dom" "^2.2.0"
    "@better-scroll/observe-image" "^2.2.0"
    "@better-scroll/pull-down" "^2.2.0"
    "@better-scroll/pull-up" "^2.2.0"
    "@better-scroll/scroll-bar" "^2.2.0"
    "@better-scroll/slide" "^2.2.0"
    "@better-scroll/wheel" "^2.2.0"
    "@better-scroll/zoom" "^2.2.0"

classnames@2.x, classnames@^2.2.0, classnames@^2.2.1, classnames@^2.2.3, classnames@^2.2.4, classnames@^2.2.5, classnames@^2.2.6:
  version "2.2.6"
  resolved "https://registry.yarnpkg.com/classnames/-/classnames-2.2.6.tgz#43935bffdd291f326dad0a205309b38d00f650ce"
  integrity sha512-JR/iSQOSt+LQIWwrwEzJ9uk0xfN3mTVYMwt1Ir5mUcSN6pU+V4zQFFaJsclJbPuAUQH+yfWef6tm7l1quW3C8Q==

component-classes@^1.2.5:
  version "1.2.6"
  resolved "https://registry.yarnpkg.com/component-classes/-/component-classes-1.2.6.tgz#c642394c3618a4d8b0b8919efccbbd930e5cd691"
  integrity sha1-xkI5TDYYpNiwuJGe/Mu9kw5c1pE=
  dependencies:
    component-indexof "0.0.3"

component-indexof@0.0.3:
  version "0.0.3"
  resolved "https://registry.yarnpkg.com/component-indexof/-/component-indexof-0.0.3.tgz#11d091312239eb8f32c8f25ae9cb002ffe8d3c24"
  integrity sha1-EdCRMSI5648yyPJa6csAL/6NPCQ=

core-js@^1.0.0:
  version "1.2.7"
  resolved "https://registry.yarnpkg.com/core-js/-/core-js-1.2.7.tgz#652294c14651db28fa93bd2d5ff2983a4f08c636"
  integrity sha1-ZSKUwUZR2yj6k70tX/KYOk8IxjY=

core-js@^2.4.0:
  version "2.6.12"
  resolved "https://registry.yarnpkg.com/core-js/-/core-js-2.6.12.tgz#d9333dfa7b065e347cc5682219d6f690859cc2ec"
  integrity sha512-Kb2wC0fvsWfQrgk8HU5lW6U/Lcs8+9aaYcy4ZFc6DDlo4nZ7n70dEgE5rtR0oG6ufKDUnrwfWL1mXR5ljDatrQ==

create-react-class@^15.6.0:
  version "15.7.0"
  resolved "https://registry.yarnpkg.com/create-react-class/-/create-react-class-15.7.0.tgz#7499d7ca2e69bb51d13faf59bd04f0c65a1d6c1e"
  integrity sha512-QZv4sFWG9S5RUvkTYWbflxeZX+JG7Cz0Tn33rQBJ+WFQTqTfUTjMjiv9tnfXazjsO5r0KhPs+AqCjyrQX6h2ng==
  dependencies:
    loose-envify "^1.3.1"
    object-assign "^4.1.1"

css-animation@1.x, css-animation@^1.3.2:
  version "1.6.1"
  resolved "https://registry.yarnpkg.com/css-animation/-/css-animation-1.6.1.tgz#162064a3b0d51f958b7ff37b3d6d4de18e17039e"
  integrity sha512-/48+/BaEaHRY6kNQ2OIPzKf9A6g8WjZYjhiNDNuIVbsm5tXCGIAsHDjB4Xu1C4vXJtUWZo26O68OQkDpNBaPog==
  dependencies:
    babel-runtime "6.x"
    component-classes "^1.2.5"

customize-cra@^1.0.0:
  version "1.0.0"
  resolved "https://registry.yarnpkg.com/customize-cra/-/customize-cra-1.0.0.tgz#73286563631aa08127ad4d30a2e3c89cf4e93c8d"
  integrity sha512-DbtaLuy59224U+xCiukkxSq8clq++MOtJ1Et7LED1fLszWe88EoblEYFBJ895sB1mC6B4uu3xPT/IjClELhMbA==
  dependencies:
    lodash.flow "^3.5.0"

dom-align@1.x, dom-align@^1.7.0:
  version "1.12.0"
  resolved "https://registry.yarnpkg.com/dom-align/-/dom-align-1.12.0.tgz#56fb7156df0b91099830364d2d48f88963f5a29c"
  integrity sha512-YkoezQuhp3SLFGdOlr5xkqZ640iXrnHAwVYcDg8ZKRUtO7mSzSC2BA5V0VuyAwPSJA4CLIc6EDDJh4bEsD2+zA==

encoding@^0.1.11:
  version "0.1.13"
  resolved "https://registry.yarnpkg.com/encoding/-/encoding-0.1.13.tgz#56574afdd791f54a8e9b2785c0582a2d26210fa9"
  integrity sha512-ETBauow1T35Y/WZMkio9jiM0Z5xjHHmJ4XmjZOq1l/dXz3lr2sRn87nJy20RupqSh1F2m3HHPSp8ShIPQJrJ3A==
  dependencies:
    iconv-lite "^0.6.2"

exenv@^1.2.0:
  version "1.2.2"
  resolved "https://registry.yarnpkg.com/exenv/-/exenv-1.2.2.tgz#2ae78e85d9894158670b03d47bec1f03bd91bb9d"
  integrity sha1-KueOhdmJQVhnCwPUe+wfA72Ru50=

fbjs@^0.8.3:
  version "0.8.17"
  resolved "https://registry.yarnpkg.com/fbjs/-/fbjs-0.8.17.tgz#c4d598ead6949112653d6588b01a5cdcd9f90fdd"
  integrity sha1-xNWY6taUkRJlPWWIsBpc3Nn5D90=
  dependencies:
    core-js "^1.0.0"
    isomorphic-fetch "^2.1.1"
    loose-envify "^1.0.0"
    object-assign "^4.1.0"
    promise "^7.1.1"
    setimmediate "^1.0.5"
    ua-parser-js "^0.7.18"

iconv-lite@^0.6.2:
  version "0.6.2"
  resolved "https://registry.yarnpkg.com/iconv-lite/-/iconv-lite-0.6.2.tgz#ce13d1875b0c3a674bd6a04b7f76b01b1b6ded01"
  integrity sha512-2y91h5OpQlolefMPmUlivelittSWy0rP+oYVpn6A7GwVHNE8AWzoYOBNmlwks3LobaJxgHCYZAnyNo2GgpNRNQ==
  dependencies:
    safer-buffer ">= 2.1.2 < 3.0.0"

is-stream@^1.0.1:
  version "1.1.0"
  resolved "https://registry.yarnpkg.com/is-stream/-/is-stream-1.1.0.tgz#12d4a3dd4e68e0b79ceb8dbc84173ae80d91ca44"
  integrity sha1-EtSj3U5o4Lec6428hBc66A2RykQ=

isomorphic-fetch@^2.1.1:
  version "2.2.1"
  resolved "https://registry.yarnpkg.com/isomorphic-fetch/-/isomorphic-fetch-2.2.1.tgz#611ae1acf14f5e81f729507472819fe9733558a9"
  integrity sha1-YRrhrPFPXoH3KVB0coGf6XM1WKk=
  dependencies:
    node-fetch "^1.0.1"
    whatwg-fetch ">=0.10.0"

"js-tokens@^3.0.0 || ^4.0.0":
  version "4.0.0"
  resolved "https://registry.yarnpkg.com/js-tokens/-/js-tokens-4.0.0.tgz#19203fb59991df98e3a287050d4647cdeaf32499"
  integrity sha512-RdJUflcE3cUzKiMqQgsCu06FPu9UdIJO0beYbPhHN4k6apgJtifcoCtT9bcxOpYBtpD2kCM6Sbzg4CausW/PKQ==

lodash.flow@^3.5.0:
  version "3.5.0"
  resolved "https://registry.yarnpkg.com/lodash.flow/-/lodash.flow-3.5.0.tgz#87bf40292b8cf83e4e8ce1a3ae4209e20071675a"
  integrity sha1-h79AKSuM+D5OjOGjrkIJ4gBxZ1o=

lodash@^4.17.19:
  version "4.17.21"
  resolved "https://registry.yarnpkg.com/lodash/-/lodash-4.17.21.tgz#679591c564c3bffaae8454cf0b3df370c3d6911c"
  integrity sha512-v2kDEe57lecTulaDIuNTPy3Ry4gLGJ6Z1O3vE1krgXZNrsQ+LFTGHVxVjcXPs17LhbZVGedAJv8XZ1tvj5FvSg==

loose-envify@^1.0.0, loose-envify@^1.3.1, loose-envify@^1.4.0:
  version "1.4.0"
  resolved "https://registry.yarnpkg.com/loose-envify/-/loose-envify-1.4.0.tgz#71ee51fa7be4caec1a63839f7e682d8132d30caf"
  integrity sha512-lyuxPGr/Wfhrlem2CL/UcnUc1zcqKAImBDzukY7Y5F/yQiNdko6+fRLevlw1HgMySw7f611UIY408EtxRSoK3Q==
  dependencies:
    js-tokens "^3.0.0 || ^4.0.0"

node-fetch@^1.0.1:
  version "1.7.3"
  resolved "https://registry.yarnpkg.com/node-fetch/-/node-fetch-1.7.3.tgz#980f6f72d85211a5347c6b2bc18c5b84c3eb47ef"
  integrity sha512-NhZ4CsKx7cYm2vSrBAr2PvFOe6sWDf0UYLRqA6svUYg7+/TSfVAu49jYC4BvQ4Sms9SZgdqGBgroqfDhJdTyKQ==
  dependencies:
    encoding "^0.1.11"
    is-stream "^1.0.1"

normalize.css@^7.0.0:
  version "7.0.0"
  resolved "https://registry.yarnpkg.com/normalize.css/-/normalize.css-7.0.0.tgz#abfb1dd82470674e0322b53ceb1aaf412938e4bf"
  integrity sha1-q/sd2CRwZ04DIrU86xqvQSk45L8=

object-assign@4.x, object-assign@^4.1.0, object-assign@^4.1.1:
  version "4.1.1"
  resolved "https://registry.yarnpkg.com/object-assign/-/object-assign-4.1.1.tgz#2109adc7965887cfc05cbbd442cac8bfbb360863"
  integrity sha1-IQmtx5ZYh8/AXLvUQsrIv7s2CGM=

performance-now@^2.1.0:
  version "2.1.0"
  resolved "https://registry.yarnpkg.com/performance-now/-/performance-now-2.1.0.tgz#6309f4e0e5fa913ec1c69307ae364b4b377c9e7b"
  integrity sha1-Ywn04OX6kT7BxpMHrjZLSzd8nns=

promise@^7.1.1:
  version "7.3.1"
  resolved "https://registry.yarnpkg.com/promise/-/promise-7.3.1.tgz#064b72602b18f90f29192b8b1bc418ffd1ebd3bf"
  integrity sha512-nolQXZ/4L+bP/UGlkfaIujX9BKxGwmQ9OT4mOt5yvy8iK1h3wqTEJCijzGANTCCl9nWjY41juyAn2K3Q1hLLTg==
  dependencies:
    asap "~2.0.3"

prop-types@15.x, prop-types@^15.5.10, prop-types@^15.5.4, prop-types@^15.5.6, prop-types@^15.5.8:
  version "15.7.2"
  resolved "https://registry.yarnpkg.com/prop-types/-/prop-types-15.7.2.tgz#52c41e75b8c87e72b9d9360e0206b99dcbffa6c5"
  integrity sha512-8QQikdH7//R2vurIJSutZ1smHYTcLpRWEOlHnzcWHmBYrOGUysKwSsrC89BCiFj3CbrfJ/nXFdJepOVrY1GCHQ==
  dependencies:
    loose-envify "^1.4.0"
    object-assign "^4.1.1"
    react-is "^16.8.1"

raf@^3.1.0, raf@^3.3.2, raf@^3.4.0:
  version "3.4.1"
  resolved "https://registry.yarnpkg.com/raf/-/raf-3.4.1.tgz#0742e99a4a6552f445d73e3ee0328af0ff1ede39"
  integrity sha512-Sq4CW4QhwOHE8ucn6J34MqtZCeWFP2aQSmrlroYgqAV1PjStIhJXxYuTgUIfkEk7zTLjmIjLmU5q+fbD1NnOJA==
  dependencies:
    performance-now "^2.1.0"

rc-align@^2.4.0:
  version "2.4.5"
  resolved "https://registry.yarnpkg.com/rc-align/-/rc-align-2.4.5.tgz#c941a586f59d1017f23a428f0b468663fb7102ab"
  integrity sha512-nv9wYUYdfyfK+qskThf4BQUSIadeI/dCsfaMZfNEoxm9HwOIioQ+LyqmMK6jWHAZQgOzMLaqawhuBXlF63vgjw==
  dependencies:
    babel-runtime "^6.26.0"
    dom-align "^1.7.0"
    prop-types "^15.5.8"
    rc-util "^4.0.4"

rc-animate@2.x, rc-animate@^2.4.4:
  version "2.11.1"
  resolved "https://registry.yarnpkg.com/rc-animate/-/rc-animate-2.11.1.tgz#2666eeb6f1f2a495a13b2af09e236712278fdb2c"
  integrity sha512-1NyuCGFJG/0Y+9RKh5y/i/AalUCA51opyyS/jO2seELpgymZm2u9QV3xwODwEuzkmeQ1BDPxMLmYLcTJedPlkQ==
  dependencies:
    babel-runtime "6.x"
    classnames "^2.2.6"
    css-animation "^1.3.2"
    prop-types "15.x"
    raf "^3.4.0"
    rc-util "^4.15.3"
    react-lifecycles-compat "^3.0.4"

rc-checkbox@~2.0.0:
  version "2.0.3"
  resolved "https://registry.yarnpkg.com/rc-checkbox/-/rc-checkbox-2.0.3.tgz#436a9d508948e224980f0535ea738b48177a8f25"
  integrity sha1-Q2qdUIlI4iSYDwU16nOLSBd6jyU=
  dependencies:
    babel-runtime "^6.23.0"
    classnames "2.x"
    prop-types "15.x"
    rc-util "^4.0.4"

rc-collapse@~1.9.1:
  version "1.9.3"
  resolved "https://registry.yarnpkg.com/rc-collapse/-/rc-collapse-1.9.3.tgz#d9741db06a823353e1fd1aec3ba4c0f9d8af4b26"
  integrity sha512-8cG+FzudmgFCC9zRGKXJZA36zoI9Dmyjp6UDi8N80sXUch0JOpsZDxgcFzw4HPpPpK/dARtTilEe9zyuspnW0w==
  dependencies:
    classnames "2.x"
    css-animation "1.x"
    prop-types "^15.5.6"
    rc-animate "2.x"

rc-gesture@~0.0.18, rc-gesture@~0.0.22:
  version "0.0.22"
  resolved "https://registry.yarnpkg.com/rc-gesture/-/rc-gesture-0.0.22.tgz#fbcbdd5b46387a978b3ede48b42748e8ff77dddd"
  integrity sha512-6G6qrCE0MUTXyjh/powj91XkjRjoFL4HiJLPU5lALXHvGX+/efcUjGYUrHrrw0mwQdmrmg4POqnY/bibns+G3g==
  dependencies:
    babel-runtime "6.x"

rc-slider@~8.2.0:
  version "8.2.0"
  resolved "https://registry.yarnpkg.com/rc-slider/-/rc-slider-8.2.0.tgz#ae37d17144cad60e1da6eac0ee4ffcfea0b0a6e8"
  integrity sha1-rjfRcUTK1g4dpurA7k/8/qCwpug=
  dependencies:
    babel-runtime "6.x"
    classnames "^2.2.5"
    prop-types "^15.5.4"
    rc-tooltip "^3.4.2"
    rc-util "^4.0.4"
    shallowequal "^1.0.1"
    warning "^3.0.0"

rc-swipeout@~2.0.0:
  version "2.0.11"
  resolved "https://registry.yarnpkg.com/rc-swipeout/-/rc-swipeout-2.0.11.tgz#dfad9c7b38a15ea0376e39cb3356e36fed7a4155"
  integrity sha512-d37Lgn4RX4OOQyuA2BFo0rGlUwrmZk5q83srH3ixJ1Y1jidr2GKjgJDbNeGUVZPNfYBL91Elu6+xfVGftWf4Lg==
  dependencies:
    babel-runtime "6.x"
    classnames "2.x"
    rc-gesture "~0.0.22"
    react-native-swipeout "^2.2.2"

rc-tooltip@^3.4.2:
  version "3.7.3"
  resolved "https://registry.yarnpkg.com/rc-tooltip/-/rc-tooltip-3.7.3.tgz#280aec6afcaa44e8dff0480fbaff9e87fc00aecc"
  integrity sha512-dE2ibukxxkrde7wH9W8ozHKUO4aQnPZ6qBHtrTH9LoO836PjDdiaWO73fgPB05VfJs9FbZdmGPVEbXCeOP99Ww==
  dependencies:
    babel-runtime "6.x"
    prop-types "^15.5.8"
    rc-trigger "^2.2.2"

rc-trigger@^2.2.2:
  version "2.6.5"
  resolved "https://registry.yarnpkg.com/rc-trigger/-/rc-trigger-2.6.5.tgz#140a857cf28bd0fa01b9aecb1e26a50a700e9885"
  integrity sha512-m6Cts9hLeZWsTvWnuMm7oElhf+03GOjOLfTuU0QmdB9ZrW7jR2IpI5rpNM7i9MvAAlMAmTx5Zr7g3uu/aMvZAw==
  dependencies:
    babel-runtime "6.x"
    classnames "^2.2.6"
    prop-types "15.x"
    rc-align "^2.4.0"
    rc-animate "2.x"
    rc-util "^4.4.0"
    react-lifecycles-compat "^3.0.4"

rc-util@4.x, rc-util@^4.0.4, rc-util@^4.15.3, rc-util@^4.4.0:
  version "4.21.1"
  resolved "https://registry.yarnpkg.com/rc-util/-/rc-util-4.21.1.tgz#88602d0c3185020aa1053d9a1e70eac161becb05"
  integrity sha512-Z+vlkSQVc1l8O2UjR3WQ+XdWlhj5q9BMQNLk2iOBch75CqPfrJyGtcWMcnhRlNuDu0Ndtt4kLVO8JI8BrABobg==
  dependencies:
    add-dom-event-listener "^1.1.0"
    prop-types "^15.5.10"
    react-is "^16.12.0"
    react-lifecycles-compat "^3.0.4"
    shallowequal "^1.1.0"

react-app-rewired@^2.1.8:
  version "2.1.8"
  resolved "https://registry.yarnpkg.com/react-app-rewired/-/react-app-rewired-2.1.8.tgz#e192f93b98daf96889418d33d3e86cf863812b56"
  integrity sha512-wjXPdKPLscA7mn0I1de1NHrbfWdXz4S1ladaGgHVKdn1hTgKK5N6EdGIJM0KrS6bKnJBj7WuqJroDTsPKKr66Q==
  dependencies:
    semver "^5.6.0"

react-is@^16.12.0, react-is@^16.8.1:
  version "16.13.1"
  resolved "https://registry.yarnpkg.com/react-is/-/react-is-16.13.1.tgz#789729a4dc36de2999dc156dd6c1d9c18cea56a4"
  integrity sha512-24e6ynE2H+OKt4kqsOvNd8kBpV65zoxbA4BVsEOB3ARVWQki/DHzaUoC5KuON/BiccDaCCTZBuOcfZs70kR8bQ==

react-lifecycles-compat@^3.0.4:
  version "3.0.4"
  resolved "https://registry.yarnpkg.com/react-lifecycles-compat/-/react-lifecycles-compat-3.0.4.tgz#4f1a273afdfc8f3488a8c516bfda78f872352362"
  integrity sha512-fBASbA6LnOU9dOU2eW7aQ8xmYBSXUIWr+UmF9b1efZBazGNO+rcXT/icdKnYm2pTwcRylVUYwW7H1PHfLekVzA==

react-native-swipeout@^2.2.2:
  version "2.3.6"
  resolved "https://registry.yarnpkg.com/react-native-swipeout/-/react-native-swipeout-2.3.6.tgz#47dac8a835825cf3f2eef9e495574a3d9ab6d3fa"
  integrity sha512-t9suUCspzck4vp2pWggWe0frS/QOtX6yYCawHnEes75A7dZCEE74bxX2A1bQzGH9cUMjq6xsdfC94RbiDKIkJg==
  dependencies:
    create-react-class "^15.6.0"
    prop-types "^15.5.10"
    react-tween-state "^0.1.5"

react-tween-state@^0.1.5:
  version "0.1.5"
  resolved "https://registry.yarnpkg.com/react-tween-state/-/react-tween-state-0.1.5.tgz#e98b066551efb93cb92dd1be14995c2e3deae339"
  integrity sha1-6YsGZVHvuTy5LdG+FJlcLj3q4zk=
  dependencies:
    raf "^3.1.0"
    tween-functions "^1.0.1"

regenerator-runtime@^0.11.0:
  version "0.11.1"
  resolved "https://registry.yarnpkg.com/regenerator-runtime/-/regenerator-runtime-0.11.1.tgz#be05ad7f9bf7d22e056f9726cee5017fbf19e2e9"
  integrity sha512-MguG95oij0fC3QV3URf4V2SDYGJhJnJGqvIIgdECeODCT98wSWDAJ94SSuVpYQUoTcGUIL6L4yNB7j1DFFHSBg==

regenerator-runtime@^0.13.4:
  version "0.13.7"
  resolved "https://registry.yarnpkg.com/regenerator-runtime/-/regenerator-runtime-0.13.7.tgz#cac2dacc8a1ea675feaabaeb8ae833898ae46f55"
  integrity sha512-a54FxoJDIr27pgf7IgeQGxmqUNYrcV338lf/6gH456HZ/PhX+5BcwHXG9ajESmwe6WRO0tAzRUrRmNONWgkrew==

rmc-align@~1.0.0:
  version "1.0.0"
  resolved "https://registry.yarnpkg.com/rmc-align/-/rmc-align-1.0.0.tgz#8d64ab484609a041ab424506012a15b7c5b933dd"
  integrity sha512-3gEa5/+hqqoEVoeQ25KoRc8DOsXIdSaVpaBq1zQFaV941LR3xvZIRTlxTDT/IagYwoGM1KZea/jd7cNMYP34Rg==
  dependencies:
    babel-runtime "6.x"
    dom-align "1.x"
    rc-util "4.x"

rmc-calendar@^1.0.0:
  version "1.1.4"
  resolved "https://registry.yarnpkg.com/rmc-calendar/-/rmc-calendar-1.1.4.tgz#7db4990087877cd49a7772f4524d33b8016d3bd2"
  integrity sha512-xxQZaPFDnpHt4IFO8mukYrXSgC1W8LcNVp+EoX4iyeOJFimungOKB/iP5/cy+st8yXq8lUgk9TXsHNtM6Xo6ZA==
  dependencies:
    babel-runtime "^6.26.0"
    rc-animate "^2.4.4"
    rmc-date-picker "^6.0.8"

rmc-cascader@~5.0.0:
  version "5.0.3"
  resolved "https://registry.yarnpkg.com/rmc-cascader/-/rmc-cascader-5.0.3.tgz#c605b1eac6613e4c54aa6aed2cbae7f9c5a8c65f"
  integrity sha512-PxDhMjWViDdG4SMZqoXtAthGwgDyYnyxxZEE17IDDYsiCHpWtOhoIL8nsI+/hZ212UT/XF2LpqCsOlMoJiYk+w==
  dependencies:
    array-tree-filter "2.1.x"
    babel-runtime "6.x"
    rmc-picker "~5.0.0"

rmc-date-picker@^6.0.8:
  version "6.0.10"
  resolved "https://registry.yarnpkg.com/rmc-date-picker/-/rmc-date-picker-6.0.10.tgz#34dc7dfd424248be2d43527421576247c31583f6"
  integrity sha512-/9+I6lm3EDEl6M7862V6++zFuxwsM0UEq8wSHbotYIPPmyB/65gx1cviblghOv2QfB0O9+U2w3qEJlRP/WsMrA==
  dependencies:
    babel-runtime "6.x"
    rmc-picker "~5.0.0"

rmc-dialog@^1.0.1, rmc-dialog@^1.1.1:
  version "1.1.1"
  resolved "https://registry.yarnpkg.com/rmc-dialog/-/rmc-dialog-1.1.1.tgz#1d7fbc6b2cad5b0b53fbab71fe29636d76f78217"
  integrity sha512-28aJqtPTX6v13Z/aU1WBy1AFIXkE74PxZXde7JvtEIy9hQDTjH8fqOi822BpzAbXCyNE7jF9iFomy3H2ClsDJA==
  dependencies:
    babel-runtime "6.x"
    rc-animate "2.x"

rmc-drawer@^0.4.11:
  version "0.4.11"
  resolved "https://registry.yarnpkg.com/rmc-drawer/-/rmc-drawer-0.4.11.tgz#9a8c6125a4ccd37b916f32f7e8b477d11d413ee3"
  integrity sha512-YfB9XEJ8iM0MMuLWAK4313uOxSM8NAljC8Cqun1KamXutglYTuRviUuTLNSOzV8HHPp5kNpsVduvPCGLWXvThw==
  dependencies:
    babel-runtime "6.x"
    classnames "^2.2.4"
    prop-types "^15.5.10"

rmc-feedback@^2.0.0:
  version "2.0.0"
  resolved "https://registry.yarnpkg.com/rmc-feedback/-/rmc-feedback-2.0.0.tgz#cbc6cb3ae63c7a635eef0e25e4fbaf5ac366eeaa"
  integrity sha512-5PWOGOW7VXks/l3JzlOU9NIxRpuaSS8d9zA3UULUCuTKnpwBHNvv1jSJzxgbbCQeYzROWUpgKI4za3X4C/mKmQ==
  dependencies:
    babel-runtime "6.x"
    classnames "^2.2.5"

rmc-input-number@^1.0.0:
  version "1.0.5"
  resolved "https://registry.yarnpkg.com/rmc-input-number/-/rmc-input-number-1.0.5.tgz#42e02a27b0c3c366be9ff0ce19d818b71e406f8f"
  integrity sha512-prPkEtoOVde77GnEnEaBeWjBobMOPgGqU5bd0gxfp1kt1pUN740mMpVAcH7uxpJjVfmw+kuGWtiz4S7CueagSg==
  dependencies:
    babel-runtime "6.x"
    classnames "^2.2.0"
    rmc-feedback "^2.0.0"

rmc-list-view@^0.11.0:
  version "0.11.5"
  resolved "https://registry.yarnpkg.com/rmc-list-view/-/rmc-list-view-0.11.5.tgz#8e152a5dbec6aec45a8ccd1f33cb8ef140b93a1e"
  integrity sha512-eMOC5394tLNawcdEEhF7boMpQgpjJGDdL5lS+LblAWdBec7Q4EYkUdnrKNbt+O9k5RGM6nSLAGZK5oB4FN85Lg==
  dependencies:
    babel-runtime "6.x"
    classnames "^2.2.5"
    fbjs "^0.8.3"
    prop-types "^15.5.8"
    warning "^3.0.0"
    zscroller "~0.4.0"

rmc-notification@~1.0.0:
  version "1.0.0"
  resolved "https://registry.yarnpkg.com/rmc-notification/-/rmc-notification-1.0.0.tgz#1fcee98f99b9733f7ce63a91d7663a578743d075"
  integrity sha512-9sPxjltFvtRLt2v312Hu7OXwk53pHkBYgINRDmnJ3A5NF1qtJeCCcdN0Xr0fzJ6sbQvtGju822tWHdzYA9u7Vw==
  dependencies:
    babel-runtime "6.x"
    classnames "2.x"
    prop-types "^15.5.8"
    rc-animate "2.x"
    rc-util "^4.0.4"

rmc-nuka-carousel@~3.0.0:
  version "3.0.1"
  resolved "https://registry.yarnpkg.com/rmc-nuka-carousel/-/rmc-nuka-carousel-3.0.1.tgz#a2a997676b0f986354976dac39ec66d8701b4b71"
  integrity sha512-w2EPTERMUUZqcUSKFuejjin7xsMlhrLrtS0A/igTXpFJGq3kemDKcRi7q3pSYDuZBHYBl5iV4UqsLLkjdFtrYA==
  dependencies:
    exenv "^1.2.0"
    raf "^3.3.2"

rmc-picker@~5.0.0:
  version "5.0.10"
  resolved "https://registry.yarnpkg.com/rmc-picker/-/rmc-picker-5.0.10.tgz#9ca0acf45ad2c8afe9015a103a898436d825e18f"
  integrity sha512-KZ70+WjcaZHnG5GyCxWCPFWAZ12s6NqyrbW73LeqH0WEqaTMMs0sOrk2f4mQAZ/CGT0XcFN6VZLw7Ozoxfn7LA==
  dependencies:
    babel-runtime "6.x"
    classnames "^2.2.6"
    rmc-dialog "^1.1.1"
    rmc-feedback "^2.0.0"

rmc-pull-to-refresh@~1.0.1:
  version "1.0.13"
  resolved "https://registry.yarnpkg.com/rmc-pull-to-refresh/-/rmc-pull-to-refresh-1.0.13.tgz#8fc1bd36c9b09fcd50e8d8632f556b6a8462ef1a"
  integrity sha512-iYLsURiR7G/sKmRA6p2kq6ZXicn7Hyeo6VQFljssV1eMW+fzDgihhaz0kv5mza0f88vphGJvjOihT9E6+xGb6Q==
  dependencies:
    babel-runtime "6.x"
    classnames "^2.2.5"

rmc-steps@~1.0.0:
  version "1.0.1"
  resolved "https://registry.yarnpkg.com/rmc-steps/-/rmc-steps-1.0.1.tgz#b63a0f1ddd2826d03b1bcec85963077255e8f798"
  integrity sha512-8ijtwp4D1CYTtI2yerXJYqCv+GQbiBc9T12nrFngd/vM0y+58CnznGphTAueF6IWf7qbxBwcjTrcFgg7bP2YGA==
  dependencies:
    babel-runtime "^6.23.0"
    classnames "^2.2.3"

rmc-tabs@~1.2.0:
  version "1.2.29"
  resolved "https://registry.yarnpkg.com/rmc-tabs/-/rmc-tabs-1.2.29.tgz#dd2191525debbf8521e85aeb6d97670f652e4c83"
  integrity sha512-wiJS9WSJi9JH9GQO+FqncX+zaHP31qHa/S8nDW9UXUx0qbCX294QcJEnvfB+WmsfUws7rXjs6sOQp5EDiObnHg==
  dependencies:
    babel-runtime "6.x"
    rc-gesture "~0.0.18"

rmc-tooltip@~1.0.0:
  version "1.0.1"
  resolved "https://registry.yarnpkg.com/rmc-tooltip/-/rmc-tooltip-1.0.1.tgz#5af16a3e8f764fa26d2b11932975bd88b1d848d2"
  integrity sha512-fSDArf2BlMVrHExmBiqb2TkCRJHshvXFJQ/7tMraLellwaJLNiwrxtWpW329k3S+zTtoVG8UxFS1TjBGEsMzRg==
  dependencies:
    babel-runtime "6.x"
    rmc-trigger "1.x"

rmc-trigger@1.x:
  version "1.0.12"
  resolved "https://registry.yarnpkg.com/rmc-trigger/-/rmc-trigger-1.0.12.tgz#34df10a16f1fc8f9e8b14d13d58cabe294ab7488"
  integrity sha512-AccQniX7PX7Pm8hBhHEsnf3JU6CA61Xc7fAt2WbO+oXrGaI/jqN8C3COhhOXG54S5iTOjLS26j858zshwAxR9A==
  dependencies:
    babel-runtime "6.x"
    rc-animate "2.x"
    rc-util "4.x"
    rmc-align "~1.0.0"

"safer-buffer@>= 2.1.2 < 3.0.0":
  version "2.1.2"
  resolved "https://registry.yarnpkg.com/safer-buffer/-/safer-buffer-2.1.2.tgz#44fa161b0187b9549dd84bb91802f9bd8385cd6a"
  integrity sha512-YZo3K82SD7Riyi0E1EQPojLz7kpepnSQI9IyPbHHg1XXXevb5dJI7tpyN2ADxGcQbHG7vcyRHk0cbwqcQriUtg==

semver@^5.6.0:
  version "5.7.1"
  resolved "https://registry.yarnpkg.com/semver/-/semver-5.7.1.tgz#a954f931aeba508d307bbf069eff0c01c96116f7"
  integrity sha512-sauaDf/PZdVgrLTNYHRtpXa1iRiKcaebiKQ1BJdpQlWH2lCvexQdX55snPFyK7QzpudqbCI0qXFfOasHdyNDGQ==

setimmediate@^1.0.5:
  version "1.0.5"
  resolved "https://registry.yarnpkg.com/setimmediate/-/setimmediate-1.0.5.tgz#290cbb232e306942d7d7ea9b83732ab7856f8285"
  integrity sha1-KQy7Iy4waULX1+qbg3Mqt4VvgoU=

shallowequal@^1.0.1, shallowequal@^1.1.0:
  version "1.1.0"
  resolved "https://registry.yarnpkg.com/shallowequal/-/shallowequal-1.1.0.tgz#188d521de95b9087404fd4dcb68b13df0ae4e7f8"
  integrity sha512-y0m1JoUZSlPAjXVtPPW70aZWfIL/dSP7AFkRnniLCrK/8MDKog3TySTBmckD+RObVxH0v4Tox67+F14PdED2oQ==

to-fast-properties@^2.0.0:
  version "2.0.0"
  resolved "https://registry.yarnpkg.com/to-fast-properties/-/to-fast-properties-2.0.0.tgz#dc5e698cbd079265bc73e0377681a4e4e83f616e"
  integrity sha1-3F5pjL0HkmW8c+A3doGk5Og/YW4=

tween-functions@^1.0.1:
  version "1.2.0"
  resolved "https://registry.yarnpkg.com/tween-functions/-/tween-functions-1.2.0.tgz#1ae3a50e7c60bb3def774eac707acbca73bbc3ff"
  integrity sha1-GuOlDnxguz3vd06scHrLynO7w/8=

ua-parser-js@^0.7.18:
  version "0.7.24"
  resolved "https://registry.yarnpkg.com/ua-parser-js/-/ua-parser-js-0.7.24.tgz#8d3ecea46ed4f1f1d63ec25f17d8568105dc027c"
  integrity sha512-yo+miGzQx5gakzVK3QFfN0/L9uVhosXBBO7qmnk7c2iw1IhL212wfA3zbnI54B0obGwC/5NWub/iT9sReMx+Fw==

warning@^3.0.0:
  version "3.0.0"
  resolved "https://registry.yarnpkg.com/warning/-/warning-3.0.0.tgz#32e5377cb572de4ab04753bdf8821c01ed605b7c"
  integrity sha1-MuU3fLVy3kqwR1O9+IIcAe1gW3w=
  dependencies:
    loose-envify "^1.0.0"

whatwg-fetch@>=0.10.0:
  version "3.6.1"
  resolved "https://registry.yarnpkg.com/whatwg-fetch/-/whatwg-fetch-3.6.1.tgz#93bc4005af6c2cc30ba3e42ec3125947c8f54ed3"
  integrity sha512-IEmN/ZfmMw6G1hgZpVd0LuZXOQDisrMOZrzYd5x3RAK4bMPlJohKUZWZ9t/QsTvH0dV9TbPDcc2OSuIDcihnHA==

zscroller@~0.4.0:
  version "0.4.8"
  resolved "https://registry.yarnpkg.com/zscroller/-/zscroller-0.4.8.tgz#69eed68690808eedf81f9714014356b36cdd20f4"
  integrity sha512-G5NiNLKx2+QhhvZi2yV1jjVXY50otktxkseX2hG2N/eixohOUk0AY8ZpbAxNqS9oJS/NxItCsowupy2tsXxAMw==
  dependencies:
    babel-runtime "6.x"
